// !$*UTF8*$!
{
	archiveVersion = 1;
	classes = {
	};
	objectVersion = 50;
	objects = {

/* Begin PBXBuildFile section */
		2714B4F622A086ED00BC04E9 /* String+Extensions.swift in Sources */ = {isa = PBXBuildFile; fileRef = 2714B4F522A086ED00BC04E9 /* String+Extensions.swift */; };
		2714B4F822A087F900BC04E9 /* Date+Extensions.swift in Sources */ = {isa = PBXBuildFile; fileRef = 2714B4F722A087F900BC04E9 /* Date+Extensions.swift */; };
		2767E6B3229FC9110065F2B5 /* AppDelegate.swift in Sources */ = {isa = PBXBuildFile; fileRef = 2767E6B2229FC9110065F2B5 /* AppDelegate.swift */; };
		2767E6B5229FC9110065F2B5 /* ViewController.swift in Sources */ = {isa = PBXBuildFile; fileRef = 2767E6B4229FC9110065F2B5 /* ViewController.swift */; };
		2767E6B8229FC9110065F2B5 /* Main.storyboard in Resources */ = {isa = PBXBuildFile; fileRef = 2767E6B6229FC9110065F2B5 /* Main.storyboard */; };
		2767E6BA229FC9130065F2B5 /* Assets.xcassets in Resources */ = {isa = PBXBuildFile; fileRef = 2767E6B9229FC9130065F2B5 /* Assets.xcassets */; };
		2767E6BD229FC9130065F2B5 /* LaunchScreen.storyboard in Resources */ = {isa = PBXBuildFile; fileRef = 2767E6BB229FC9130065F2B5 /* LaunchScreen.storyboard */; };
		2767E6CC229FCACA0065F2B5 /* Localizable.strings in Resources */ = {isa = PBXBuildFile; fileRef = 2767E6CB229FCACA0065F2B5 /* Localizable.strings */; };
		2767E6D0229FD04C0065F2B5 /* MeteoDTO.swift in Sources */ = {isa = PBXBuildFile; fileRef = 2767E6CF229FD04C0065F2B5 /* MeteoDTO.swift */; };
		2767E6ED229FD2CD0065F2B5 /* MeteoTests.swift in Sources */ = {isa = PBXBuildFile; fileRef = 2767E6EC229FD2CD0065F2B5 /* MeteoTests.swift */; };
		2767E6F6229FD30F0065F2B5 /* infoClimat.json in Resources */ = {isa = PBXBuildFile; fileRef = 2767E6F5229FD30F0065F2B5 /* infoClimat.json */; };
		2767E6F7229FD3D40065F2B5 /* MeteoDTO.swift in Sources */ = {isa = PBXBuildFile; fileRef = 2767E6CF229FD04C0065F2B5 /* MeteoDTO.swift */; };
		2767E6F9229FD61F0065F2B5 /* ForecastDTO.swift in Sources */ = {isa = PBXBuildFile; fileRef = 2767E6F8229FD61F0065F2B5 /* ForecastDTO.swift */; };
		2767E6FA229FD6220065F2B5 /* ForecastDTO.swift in Sources */ = {isa = PBXBuildFile; fileRef = 2767E6F8229FD61F0065F2B5 /* ForecastDTO.swift */; };
		2767E6FD229FD6B20065F2B5 /* DecodingError.swift in Sources */ = {isa = PBXBuildFile; fileRef = 2767E6FC229FD6B20065F2B5 /* DecodingError.swift */; };
		2767E6FE229FD7E80065F2B5 /* DecodingError.swift in Sources */ = {isa = PBXBuildFile; fileRef = 2767E6FC229FD6B20065F2B5 /* DecodingError.swift */; };
		2767E702229FD8220065F2B5 /* DateFormatter+Extensions.swift in Sources */ = {isa = PBXBuildFile; fileRef = 2767E701229FD8220065F2B5 /* DateFormatter+Extensions.swift */; };
		2767E703229FD8220065F2B5 /* DateFormatter+Extensions.swift in Sources */ = {isa = PBXBuildFile; fileRef = 2767E701229FD8220065F2B5 /* DateFormatter+Extensions.swift */; };
		2767E705229FD9F70065F2B5 /* CloudinessDTO.swift in Sources */ = {isa = PBXBuildFile; fileRef = 2767E704229FD9F70065F2B5 /* CloudinessDTO.swift */; };
		2767E706229FD9F70065F2B5 /* CloudinessDTO.swift in Sources */ = {isa = PBXBuildFile; fileRef = 2767E704229FD9F70065F2B5 /* CloudinessDTO.swift */; };
		2767E708229FE0AC0065F2B5 /* nebulosite.json in Resources */ = {isa = PBXBuildFile; fileRef = 2767E707229FE0AC0065F2B5 /* nebulosite.json */; };
		2767E709229FE0AC0065F2B5 /* nebulosite.json in Resources */ = {isa = PBXBuildFile; fileRef = 2767E707229FE0AC0065F2B5 /* nebulosite.json */; };
		2767E70B229FE0FE0065F2B5 /* TemperatureDTO.swift in Sources */ = {isa = PBXBuildFile; fileRef = 2767E70A229FE0FE0065F2B5 /* TemperatureDTO.swift */; };
		2767E70C229FE0FE0065F2B5 /* TemperatureDTO.swift in Sources */ = {isa = PBXBuildFile; fileRef = 2767E70A229FE0FE0065F2B5 /* TemperatureDTO.swift */; };
		2767E70E229FE12B0065F2B5 /* temperature.json in Resources */ = {isa = PBXBuildFile; fileRef = 2767E70D229FE12B0065F2B5 /* temperature.json */; };
		2767E70F229FE12B0065F2B5 /* temperature.json in Resources */ = {isa = PBXBuildFile; fileRef = 2767E70D229FE12B0065F2B5 /* temperature.json */; };
		2767E714229FE27E0065F2B5 /* humidite.json in Resources */ = {isa = PBXBuildFile; fileRef = 2767E713229FE27E0065F2B5 /* humidite.json */; };
		2767E715229FE27E0065F2B5 /* humidite.json in Resources */ = {isa = PBXBuildFile; fileRef = 2767E713229FE27E0065F2B5 /* humidite.json */; };
		2767E71A229FE2ED0065F2B5 /* ventDirection.json in Resources */ = {isa = PBXBuildFile; fileRef = 2767E719229FE2ED0065F2B5 /* ventDirection.json */; };
		2767E71B229FE2ED0065F2B5 /* ventDirection.json in Resources */ = {isa = PBXBuildFile; fileRef = 2767E719229FE2ED0065F2B5 /* ventDirection.json */; };
		2767E71D229FE31C0065F2B5 /* ventMoyen.json in Resources */ = {isa = PBXBuildFile; fileRef = 2767E71C229FE31C0065F2B5 /* ventMoyen.json */; };
		2767E71E229FE31C0065F2B5 /* ventMoyen.json in Resources */ = {isa = PBXBuildFile; fileRef = 2767E71C229FE31C0065F2B5 /* ventMoyen.json */; };
		2767E720229FE48A0065F2B5 /* WindSpeedDTO.swift in Sources */ = {isa = PBXBuildFile; fileRef = 2767E71F229FE48A0065F2B5 /* WindSpeedDTO.swift */; };
		2767E721229FE48A0065F2B5 /* WindSpeedDTO.swift in Sources */ = {isa = PBXBuildFile; fileRef = 2767E71F229FE48A0065F2B5 /* WindSpeedDTO.swift */; };
		2767E723229FE49B0065F2B5 /* WindDirectionDTO.swift in Sources */ = {isa = PBXBuildFile; fileRef = 2767E722229FE49B0065F2B5 /* WindDirectionDTO.swift */; };
		2767E724229FE49B0065F2B5 /* WindDirectionDTO.swift in Sources */ = {isa = PBXBuildFile; fileRef = 2767E722229FE49B0065F2B5 /* WindDirectionDTO.swift */; };
		2767E726229FE4D30065F2B5 /* HumidityDTO.swift in Sources */ = {isa = PBXBuildFile; fileRef = 2767E725229FE4D30065F2B5 /* HumidityDTO.swift */; };
		2767E727229FE4D30065F2B5 /* HumidityDTO.swift in Sources */ = {isa = PBXBuildFile; fileRef = 2767E725229FE4D30065F2B5 /* HumidityDTO.swift */; };
		2767E72A229FEE7C0065F2B5 /* LocationManager.swift in Sources */ = {isa = PBXBuildFile; fileRef = 2767E729229FEE7C0065F2B5 /* LocationManager.swift */; };
		2767E72E229FF15C0065F2B5 /* CLPlacemark+Extensions.swift in Sources */ = {isa = PBXBuildFile; fileRef = 2767E72D229FF15C0065F2B5 /* CLPlacemark+Extensions.swift */; };
		2767E73422A00C0E0065F2B5 /* EndPointProtocol.swift in Sources */ = {isa = PBXBuildFile; fileRef = 2767E73322A00C0E0065F2B5 /* EndPointProtocol.swift */; };
		2767E73622A00D3A0065F2B5 /* DecodableRequestProtocol.swift in Sources */ = {isa = PBXBuildFile; fileRef = 2767E73522A00D3A0065F2B5 /* DecodableRequestProtocol.swift */; };
		2767E73922A00F760065F2B5 /* MeteoEndPoint.swift in Sources */ = {isa = PBXBuildFile; fileRef = 2767E73822A00F760065F2B5 /* MeteoEndPoint.swift */; };
		2767E73B22A010100065F2B5 /* MeteoConstants.swift in Sources */ = {isa = PBXBuildFile; fileRef = 2767E73A22A010100065F2B5 /* MeteoConstants.swift */; };
		2767E73E22A0111E0065F2B5 /* GetMeteo.swift in Sources */ = {isa = PBXBuildFile; fileRef = 2767E73D22A0111E0065F2B5 /* GetMeteo.swift */; };
		2767E74322A018500065F2B5 /* TableViewCellProtocol.swift in Sources */ = {isa = PBXBuildFile; fileRef = 2767E74222A018500065F2B5 /* TableViewCellProtocol.swift */; };
		2767E74722A018A80065F2B5 /* ForecastTableViewCell.swift in Sources */ = {isa = PBXBuildFile; fileRef = 2767E74522A018A80065F2B5 /* ForecastTableViewCell.swift */; };
		2767E74822A018A80065F2B5 /* ForecastTableViewCell.xib in Resources */ = {isa = PBXBuildFile; fileRef = 2767E74622A018A80065F2B5 /* ForecastTableViewCell.xib */; };
		2767E74A22A019CA0065F2B5 /* ForecastListViewModel.swift in Sources */ = {isa = PBXBuildFile; fileRef = 2767E74922A019CA0065F2B5 /* ForecastListViewModel.swift */; };
		2767E74C22A01C3F0065F2B5 /* UIViewController+Extensions.swift in Sources */ = {isa = PBXBuildFile; fileRef = 2767E74B22A01C3F0065F2B5 /* UIViewController+Extensions.swift */; };
		2767E74E22A01E410065F2B5 /* KVObserver.swift in Sources */ = {isa = PBXBuildFile; fileRef = 2767E74D22A01E410065F2B5 /* KVObserver.swift */; };
		2767E75422A026080065F2B5 /* StoryboardControllerProtocol.swift in Sources */ = {isa = PBXBuildFile; fileRef = 2767E75322A026080065F2B5 /* StoryboardControllerProtocol.swift */; };
		2767E75622A026330065F2B5 /* ForecastList.storyboard in Resources */ = {isa = PBXBuildFile; fileRef = 2767E75522A026330065F2B5 /* ForecastList.storyboard */; };
		2767E75A22A026670065F2B5 /* ForecastListViewController.swift in Sources */ = {isa = PBXBuildFile; fileRef = 2767E75922A026670065F2B5 /* ForecastListViewController.swift */; };
		2767E75E22A02CDE0065F2B5 /* Model.xcdatamodeld in Sources */ = {isa = PBXBuildFile; fileRef = 2767E75C22A02CDE0065F2B5 /* Model.xcdatamodeld */; };
		2767E77222A0427B0065F2B5 /* Location+Extension.swift in Sources */ = {isa = PBXBuildFile; fileRef = 2767E77122A0427B0065F2B5 /* Location+Extension.swift */; };
		2767E77522A044060065F2B5 /* CoreDataManager.swift in Sources */ = {isa = PBXBuildFile; fileRef = 2767E77422A044060065F2B5 /* CoreDataManager.swift */; };
		2767E77A22A0494E0065F2B5 /* Forecast+CoreDataClass.swift in Sources */ = {isa = PBXBuildFile; fileRef = 2767E77622A0494E0065F2B5 /* Forecast+CoreDataClass.swift */; };
		2767E77B22A0494E0065F2B5 /* Forecast+CoreDataProperties.swift in Sources */ = {isa = PBXBuildFile; fileRef = 2767E77722A0494E0065F2B5 /* Forecast+CoreDataProperties.swift */; };
		2767E77C22A0494E0065F2B5 /* Location+CoreDataClass.swift in Sources */ = {isa = PBXBuildFile; fileRef = 2767E77822A0494E0065F2B5 /* Location+CoreDataClass.swift */; };
		2767E77D22A0494E0065F2B5 /* Location+CoreDataProperties.swift in Sources */ = {isa = PBXBuildFile; fileRef = 2767E77922A0494E0065F2B5 /* Location+CoreDataProperties.swift */; };
		2767E77F22A04BA20065F2B5 /* Forecast+Extension.swift in Sources */ = {isa = PBXBuildFile; fileRef = 2767E77E22A04BA20065F2B5 /* Forecast+Extension.swift */; };
		2767E78422A0655E0065F2B5 /* ForecastDetail.storyboard in Resources */ = {isa = PBXBuildFile; fileRef = 2767E78322A0655D0065F2B5 /* ForecastDetail.storyboard */; };
		2767E78622A065DB0065F2B5 /* ForecastDetailViewController.swift in Sources */ = {isa = PBXBuildFile; fileRef = 2767E78522A065DB0065F2B5 /* ForecastDetailViewController.swift */; };
		2767E78822A06CCD0065F2B5 /* ForecastDetailViewModel.swift in Sources */ = {isa = PBXBuildFile; fileRef = 2767E78722A06CCD0065F2B5 /* ForecastDetailViewModel.swift */; };
/* End PBXBuildFile section */

/* Begin PBXContainerItemProxy section */
		2767E6EF229FD2CD0065F2B5 /* PBXContainerItemProxy */ = {
			isa = PBXContainerItemProxy;
			containerPortal = 2767E6A7229FC9110065F2B5 /* Project object */;
			proxyType = 1;
			remoteGlobalIDString = 2767E6AE229FC9110065F2B5;
			remoteInfo = Meteo;
		};
/* End PBXContainerItemProxy section */

/* Begin PBXFileReference section */
		2714B4F522A086ED00BC04E9 /* String+Extensions.swift */ = {isa = PBXFileReference; lastKnownFileType = sourcecode.swift; path = "String+Extensions.swift"; sourceTree = "<group>"; };
		2714B4F722A087F900BC04E9 /* Date+Extensions.swift */ = {isa = PBXFileReference; lastKnownFileType = sourcecode.swift; path = "Date+Extensions.swift"; sourceTree = "<group>"; };
		2767E6AF229FC9110065F2B5 /* Meteo.app */ = {isa = PBXFileReference; explicitFileType = wrapper.application; includeInIndex = 0; path = Meteo.app; sourceTree = BUILT_PRODUCTS_DIR; };
		2767E6B2229FC9110065F2B5 /* AppDelegate.swift */ = {isa = PBXFileReference; lastKnownFileType = sourcecode.swift; path = AppDelegate.swift; sourceTree = "<group>"; };
		2767E6B4229FC9110065F2B5 /* ViewController.swift */ = {isa = PBXFileReference; lastKnownFileType = sourcecode.swift; path = ViewController.swift; sourceTree = "<group>"; };
		2767E6B7229FC9110065F2B5 /* Base */ = {isa = PBXFileReference; lastKnownFileType = file.storyboard; name = Base; path = Base.lproj/Main.storyboard; sourceTree = "<group>"; };
		2767E6B9229FC9130065F2B5 /* Assets.xcassets */ = {isa = PBXFileReference; lastKnownFileType = folder.assetcatalog; path = Assets.xcassets; sourceTree = "<group>"; };
		2767E6BC229FC9130065F2B5 /* Base */ = {isa = PBXFileReference; lastKnownFileType = file.storyboard; name = Base; path = Base.lproj/LaunchScreen.storyboard; sourceTree = "<group>"; };
		2767E6BE229FC9130065F2B5 /* Info.plist */ = {isa = PBXFileReference; lastKnownFileType = text.plist.xml; path = Info.plist; sourceTree = "<group>"; };
		2767E6CB229FCACA0065F2B5 /* Localizable.strings */ = {isa = PBXFileReference; lastKnownFileType = text.plist.strings; path = Localizable.strings; sourceTree = "<group>"; };
		2767E6CF229FD04C0065F2B5 /* MeteoDTO.swift */ = {isa = PBXFileReference; lastKnownFileType = sourcecode.swift; path = MeteoDTO.swift; sourceTree = "<group>"; };
		2767E6EA229FD2CC0065F2B5 /* MeteoTests.xctest */ = {isa = PBXFileReference; explicitFileType = wrapper.cfbundle; includeInIndex = 0; path = MeteoTests.xctest; sourceTree = BUILT_PRODUCTS_DIR; };
		2767E6EC229FD2CD0065F2B5 /* MeteoTests.swift */ = {isa = PBXFileReference; lastKnownFileType = sourcecode.swift; path = MeteoTests.swift; sourceTree = "<group>"; };
		2767E6EE229FD2CD0065F2B5 /* Info.plist */ = {isa = PBXFileReference; lastKnownFileType = text.plist.xml; path = Info.plist; sourceTree = "<group>"; };
		2767E6F5229FD30F0065F2B5 /* infoClimat.json */ = {isa = PBXFileReference; lastKnownFileType = text.json; path = infoClimat.json; sourceTree = "<group>"; };
		2767E6F8229FD61F0065F2B5 /* ForecastDTO.swift */ = {isa = PBXFileReference; lastKnownFileType = sourcecode.swift; path = ForecastDTO.swift; sourceTree = "<group>"; };
		2767E6FC229FD6B20065F2B5 /* DecodingError.swift */ = {isa = PBXFileReference; lastKnownFileType = sourcecode.swift; path = DecodingError.swift; sourceTree = "<group>"; };
		2767E701229FD8220065F2B5 /* DateFormatter+Extensions.swift */ = {isa = PBXFileReference; lastKnownFileType = sourcecode.swift; path = "DateFormatter+Extensions.swift"; sourceTree = "<group>"; };
		2767E704229FD9F70065F2B5 /* CloudinessDTO.swift */ = {isa = PBXFileReference; lastKnownFileType = sourcecode.swift; path = CloudinessDTO.swift; sourceTree = "<group>"; };
		2767E707229FE0AC0065F2B5 /* nebulosite.json */ = {isa = PBXFileReference; lastKnownFileType = text.json; path = nebulosite.json; sourceTree = "<group>"; };
		2767E70A229FE0FE0065F2B5 /* TemperatureDTO.swift */ = {isa = PBXFileReference; lastKnownFileType = sourcecode.swift; path = TemperatureDTO.swift; sourceTree = "<group>"; };
		2767E70D229FE12B0065F2B5 /* temperature.json */ = {isa = PBXFileReference; lastKnownFileType = text.json; path = temperature.json; sourceTree = "<group>"; };
		2767E713229FE27E0065F2B5 /* humidite.json */ = {isa = PBXFileReference; lastKnownFileType = text.json; path = humidite.json; sourceTree = "<group>"; };
		2767E719229FE2ED0065F2B5 /* ventDirection.json */ = {isa = PBXFileReference; lastKnownFileType = text.json; path = ventDirection.json; sourceTree = "<group>"; };
		2767E71C229FE31C0065F2B5 /* ventMoyen.json */ = {isa = PBXFileReference; lastKnownFileType = text.json; path = ventMoyen.json; sourceTree = "<group>"; };
		2767E71F229FE48A0065F2B5 /* WindSpeedDTO.swift */ = {isa = PBXFileReference; lastKnownFileType = sourcecode.swift; path = WindSpeedDTO.swift; sourceTree = "<group>"; };
		2767E722229FE49B0065F2B5 /* WindDirectionDTO.swift */ = {isa = PBXFileReference; lastKnownFileType = sourcecode.swift; path = WindDirectionDTO.swift; sourceTree = "<group>"; };
		2767E725229FE4D30065F2B5 /* HumidityDTO.swift */ = {isa = PBXFileReference; lastKnownFileType = sourcecode.swift; path = HumidityDTO.swift; sourceTree = "<group>"; };
		2767E729229FEE7C0065F2B5 /* LocationManager.swift */ = {isa = PBXFileReference; lastKnownFileType = sourcecode.swift; path = LocationManager.swift; sourceTree = "<group>"; };
		2767E72D229FF15C0065F2B5 /* CLPlacemark+Extensions.swift */ = {isa = PBXFileReference; lastKnownFileType = sourcecode.swift; path = "CLPlacemark+Extensions.swift"; sourceTree = "<group>"; };
		2767E73322A00C0E0065F2B5 /* EndPointProtocol.swift */ = {isa = PBXFileReference; lastKnownFileType = sourcecode.swift; path = EndPointProtocol.swift; sourceTree = "<group>"; };
		2767E73522A00D3A0065F2B5 /* DecodableRequestProtocol.swift */ = {isa = PBXFileReference; lastKnownFileType = sourcecode.swift; path = DecodableRequestProtocol.swift; sourceTree = "<group>"; };
		2767E73822A00F760065F2B5 /* MeteoEndPoint.swift */ = {isa = PBXFileReference; lastKnownFileType = sourcecode.swift; path = MeteoEndPoint.swift; sourceTree = "<group>"; };
		2767E73A22A010100065F2B5 /* MeteoConstants.swift */ = {isa = PBXFileReference; lastKnownFileType = sourcecode.swift; path = MeteoConstants.swift; sourceTree = "<group>"; };
		2767E73D22A0111E0065F2B5 /* GetMeteo.swift */ = {isa = PBXFileReference; lastKnownFileType = sourcecode.swift; path = GetMeteo.swift; sourceTree = "<group>"; };
		2767E74222A018500065F2B5 /* TableViewCellProtocol.swift */ = {isa = PBXFileReference; lastKnownFileType = sourcecode.swift; path = TableViewCellProtocol.swift; sourceTree = "<group>"; };
		2767E74522A018A80065F2B5 /* ForecastTableViewCell.swift */ = {isa = PBXFileReference; lastKnownFileType = sourcecode.swift; path = ForecastTableViewCell.swift; sourceTree = "<group>"; };
		2767E74622A018A80065F2B5 /* ForecastTableViewCell.xib */ = {isa = PBXFileReference; lastKnownFileType = file.xib; path = ForecastTableViewCell.xib; sourceTree = "<group>"; };
		2767E74922A019CA0065F2B5 /* ForecastListViewModel.swift */ = {isa = PBXFileReference; lastKnownFileType = sourcecode.swift; path = ForecastListViewModel.swift; sourceTree = "<group>"; };
		2767E74B22A01C3F0065F2B5 /* UIViewController+Extensions.swift */ = {isa = PBXFileReference; lastKnownFileType = sourcecode.swift; path = "UIViewController+Extensions.swift"; sourceTree = "<group>"; };
		2767E74D22A01E410065F2B5 /* KVObserver.swift */ = {isa = PBXFileReference; lastKnownFileType = sourcecode.swift; path = KVObserver.swift; sourceTree = "<group>"; };
		2767E75322A026080065F2B5 /* StoryboardControllerProtocol.swift */ = {isa = PBXFileReference; lastKnownFileType = sourcecode.swift; path = StoryboardControllerProtocol.swift; sourceTree = "<group>"; };
		2767E75522A026330065F2B5 /* ForecastList.storyboard */ = {isa = PBXFileReference; lastKnownFileType = file.storyboard; path = ForecastList.storyboard; sourceTree = "<group>"; };
		2767E75922A026670065F2B5 /* ForecastListViewController.swift */ = {isa = PBXFileReference; lastKnownFileType = sourcecode.swift; path = ForecastListViewController.swift; sourceTree = "<group>"; };
		2767E75D22A02CDE0065F2B5 /* Model.xcdatamodel */ = {isa = PBXFileReference; lastKnownFileType = wrapper.xcdatamodel; path = Model.xcdatamodel; sourceTree = "<group>"; };
		2767E77122A0427B0065F2B5 /* Location+Extension.swift */ = {isa = PBXFileReference; lastKnownFileType = sourcecode.swift; path = "Location+Extension.swift"; sourceTree = "<group>"; };
		2767E77422A044060065F2B5 /* CoreDataManager.swift */ = {isa = PBXFileReference; lastKnownFileType = sourcecode.swift; path = CoreDataManager.swift; sourceTree = "<group>"; };
		2767E77622A0494E0065F2B5 /* Forecast+CoreDataClass.swift */ = {isa = PBXFileReference; lastKnownFileType = sourcecode.swift; path = "Forecast+CoreDataClass.swift"; sourceTree = "<group>"; };
		2767E77722A0494E0065F2B5 /* Forecast+CoreDataProperties.swift */ = {isa = PBXFileReference; lastKnownFileType = sourcecode.swift; path = "Forecast+CoreDataProperties.swift"; sourceTree = "<group>"; };
		2767E77822A0494E0065F2B5 /* Location+CoreDataClass.swift */ = {isa = PBXFileReference; lastKnownFileType = sourcecode.swift; path = "Location+CoreDataClass.swift"; sourceTree = "<group>"; };
		2767E77922A0494E0065F2B5 /* Location+CoreDataProperties.swift */ = {isa = PBXFileReference; lastKnownFileType = sourcecode.swift; path = "Location+CoreDataProperties.swift"; sourceTree = "<group>"; };
		2767E77E22A04BA20065F2B5 /* Forecast+Extension.swift */ = {isa = PBXFileReference; lastKnownFileType = sourcecode.swift; path = "Forecast+Extension.swift"; sourceTree = "<group>"; };
		2767E78322A0655D0065F2B5 /* ForecastDetail.storyboard */ = {isa = PBXFileReference; lastKnownFileType = file.storyboard; path = ForecastDetail.storyboard; sourceTree = "<group>"; };
		2767E78522A065DB0065F2B5 /* ForecastDetailViewController.swift */ = {isa = PBXFileReference; lastKnownFileType = sourcecode.swift; path = ForecastDetailViewController.swift; sourceTree = "<group>"; };
		2767E78722A06CCD0065F2B5 /* ForecastDetailViewModel.swift */ = {isa = PBXFileReference; lastKnownFileType = sourcecode.swift; path = ForecastDetailViewModel.swift; sourceTree = "<group>"; };
/* End PBXFileReference section */

/* Begin PBXFrameworksBuildPhase section */
		2767E6AC229FC9110065F2B5 /* Frameworks */ = {
			isa = PBXFrameworksBuildPhase;
			buildActionMask = 2147483647;
			files = (
			);
			runOnlyForDeploymentPostprocessing = 0;
		};
		2767E6E7229FD2CC0065F2B5 /* Frameworks */ = {
			isa = PBXFrameworksBuildPhase;
			buildActionMask = 2147483647;
			files = (
			);
			runOnlyForDeploymentPostprocessing = 0;
		};
/* End PBXFrameworksBuildPhase section */

/* Begin PBXGroup section */
		2767E6A6229FC9110065F2B5 = {
			isa = PBXGroup;
			children = (
				2767E6B1229FC9110065F2B5 /* Meteo */,
				2767E6EB229FD2CD0065F2B5 /* MeteoTests */,
				2767E6B0229FC9110065F2B5 /* Products */,
			);
			sourceTree = "<group>";
		};
		2767E6B0229FC9110065F2B5 /* Products */ = {
			isa = PBXGroup;
			children = (
				2767E6AF229FC9110065F2B5 /* Meteo.app */,
				2767E6EA229FD2CC0065F2B5 /* MeteoTests.xctest */,
			);
			name = Products;
			sourceTree = "<group>";
		};
		2767E6B1229FC9110065F2B5 /* Meteo */ = {
			isa = PBXGroup;
			children = (
				2767E77322A043F40065F2B5 /* CoreDataManager */,
				2767E75B22A02CC20065F2B5 /* Model */,
				2767E73F22A017C50065F2B5 /* Modules */,
				2767E72F22A00BA90065F2B5 /* Network */,
				2767E728229FEE680065F2B5 /* LocationManager */,
				2767E6FF229FD8020065F2B5 /* Utils */,
				2767E6CE229FD0170065F2B5 /* DataTransfertObject */,
				2767E6CA229FCA650065F2B5 /* Ressources */,
				2767E6B2229FC9110065F2B5 /* AppDelegate.swift */,
				2767E6B4229FC9110065F2B5 /* ViewController.swift */,
				2767E6B6229FC9110065F2B5 /* Main.storyboard */,
				2767E6BB229FC9130065F2B5 /* LaunchScreen.storyboard */,
				2767E6BE229FC9130065F2B5 /* Info.plist */,
			);
			path = Meteo;
			sourceTree = "<group>";
		};
		2767E6CA229FCA650065F2B5 /* Ressources */ = {
			isa = PBXGroup;
			children = (
				2767E6B9229FC9130065F2B5 /* Assets.xcassets */,
				2767E6CB229FCACA0065F2B5 /* Localizable.strings */,
			);
			path = Ressources;
			sourceTree = "<group>";
		};
		2767E6CE229FD0170065F2B5 /* DataTransfertObject */ = {
			isa = PBXGroup;
			children = (
				2767E6FB229FD68E0065F2B5 /* DecodingError */,
				2767E6CF229FD04C0065F2B5 /* MeteoDTO.swift */,
				2767E6F8229FD61F0065F2B5 /* ForecastDTO.swift */,
				2767E704229FD9F70065F2B5 /* CloudinessDTO.swift */,
				2767E70A229FE0FE0065F2B5 /* TemperatureDTO.swift */,
				2767E71F229FE48A0065F2B5 /* WindSpeedDTO.swift */,
				2767E722229FE49B0065F2B5 /* WindDirectionDTO.swift */,
				2767E725229FE4D30065F2B5 /* HumidityDTO.swift */,
			);
			path = DataTransfertObject;
			sourceTree = "<group>";
		};
		2767E6EB229FD2CD0065F2B5 /* MeteoTests */ = {
			isa = PBXGroup;
			children = (
				2767E6F4229FD2F50065F2B5 /* Ressources */,
				2767E6EC229FD2CD0065F2B5 /* MeteoTests.swift */,
				2767E6EE229FD2CD0065F2B5 /* Info.plist */,
			);
			path = MeteoTests;
			sourceTree = "<group>";
		};
		2767E6F4229FD2F50065F2B5 /* Ressources */ = {
			isa = PBXGroup;
			children = (
				2767E6F5229FD30F0065F2B5 /* infoClimat.json */,
				2767E707229FE0AC0065F2B5 /* nebulosite.json */,
				2767E70D229FE12B0065F2B5 /* temperature.json */,
				2767E713229FE27E0065F2B5 /* humidite.json */,
				2767E719229FE2ED0065F2B5 /* ventDirection.json */,
				2767E71C229FE31C0065F2B5 /* ventMoyen.json */,
			);
			path = Ressources;
			sourceTree = "<group>";
		};
		2767E6FB229FD68E0065F2B5 /* DecodingError */ = {
			isa = PBXGroup;
			children = (
				2767E6FC229FD6B20065F2B5 /* DecodingError.swift */,
			);
			path = DecodingError;
			sourceTree = "<group>";
		};
		2767E6FF229FD8020065F2B5 /* Utils */ = {
			isa = PBXGroup;
			children = (
				2767E74122A0182B0065F2B5 /* UI Protocols */,
				2767E700229FD8090065F2B5 /* Extensions */,
				2767E74D22A01E410065F2B5 /* KVObserver.swift */,
			);
			path = Utils;
			sourceTree = "<group>";
		};
		2767E700229FD8090065F2B5 /* Extensions */ = {
			isa = PBXGroup;
			children = (
				2767E701229FD8220065F2B5 /* DateFormatter+Extensions.swift */,
				2767E72D229FF15C0065F2B5 /* CLPlacemark+Extensions.swift */,
				2767E74B22A01C3F0065F2B5 /* UIViewController+Extensions.swift */,
				2714B4F522A086ED00BC04E9 /* String+Extensions.swift */,
				2714B4F722A087F900BC04E9 /* Date+Extensions.swift */,
			);
			path = Extensions;
			sourceTree = "<group>";
		};
		2767E728229FEE680065F2B5 /* LocationManager */ = {
			isa = PBXGroup;
			children = (
				2767E729229FEE7C0065F2B5 /* LocationManager.swift */,
			);
			path = LocationManager;
			sourceTree = "<group>";
		};
		2767E72F22A00BA90065F2B5 /* Network */ = {
			isa = PBXGroup;
			children = (
				2767E73722A00F590065F2B5 /* Meteo */,
				2767E73022A00BD10065F2B5 /* Protocols */,
			);
			path = Network;
			sourceTree = "<group>";
		};
		2767E73022A00BD10065F2B5 /* Protocols */ = {
			isa = PBXGroup;
			children = (
				2767E73322A00C0E0065F2B5 /* EndPointProtocol.swift */,
				2767E73522A00D3A0065F2B5 /* DecodableRequestProtocol.swift */,
			);
			path = Protocols;
			sourceTree = "<group>";
		};
		2767E73722A00F590065F2B5 /* Meteo */ = {
			isa = PBXGroup;
			children = (
				2767E73C22A011110065F2B5 /* Requests */,
				2767E73822A00F760065F2B5 /* MeteoEndPoint.swift */,
				2767E73A22A010100065F2B5 /* MeteoConstants.swift */,
			);
			path = Meteo;
			sourceTree = "<group>";
		};
		2767E73C22A011110065F2B5 /* Requests */ = {
			isa = PBXGroup;
			children = (
				2767E73D22A0111E0065F2B5 /* GetMeteo.swift */,
			);
			path = Requests;
			sourceTree = "<group>";
		};
		2767E73F22A017C50065F2B5 /* Modules */ = {
			isa = PBXGroup;
			children = (
				2767E78022A061710065F2B5 /* ForecastDetails */,
				2767E74022A017D10065F2B5 /* ForecastList */,
			);
			path = Modules;
			sourceTree = "<group>";
		};
		2767E74022A017D10065F2B5 /* ForecastList */ = {
			isa = PBXGroup;
			children = (
				2767E75822A026450065F2B5 /* Controller */,
				2767E75722A0263E0065F2B5 /* Model */,
				2767E74422A018770065F2B5 /* Cells */,
				2767E75522A026330065F2B5 /* ForecastList.storyboard */,
			);
			path = ForecastList;
			sourceTree = "<group>";
		};
		2767E74122A0182B0065F2B5 /* UI Protocols */ = {
			isa = PBXGroup;
			children = (
				2767E74222A018500065F2B5 /* TableViewCellProtocol.swift */,
				2767E75322A026080065F2B5 /* StoryboardControllerProtocol.swift */,
			);
			path = "UI Protocols";
			sourceTree = "<group>";
		};
		2767E74422A018770065F2B5 /* Cells */ = {
			isa = PBXGroup;
			children = (
				2767E74522A018A80065F2B5 /* ForecastTableViewCell.swift */,
				2767E74622A018A80065F2B5 /* ForecastTableViewCell.xib */,
			);
			path = Cells;
			sourceTree = "<group>";
		};
		2767E75722A0263E0065F2B5 /* Model */ = {
			isa = PBXGroup;
			children = (
				2767E74922A019CA0065F2B5 /* ForecastListViewModel.swift */,
			);
			path = Model;
			sourceTree = "<group>";
		};
		2767E75822A026450065F2B5 /* Controller */ = {
			isa = PBXGroup;
			children = (
				2767E75922A026670065F2B5 /* ForecastListViewController.swift */,
			);
			path = Controller;
			sourceTree = "<group>";
		};
		2767E75B22A02CC20065F2B5 /* Model */ = {
			isa = PBXGroup;
			children = (
				2767E77022A0425E0065F2B5 /* Extension */,
				2767E75F22A033000065F2B5 /* Generated */,
				2767E75C22A02CDE0065F2B5 /* Model.xcdatamodeld */,
			);
			path = Model;
			sourceTree = "<group>";
		};
		2767E75F22A033000065F2B5 /* Generated */ = {
			isa = PBXGroup;
			children = (
				2767E77622A0494E0065F2B5 /* Forecast+CoreDataClass.swift */,
				2767E77722A0494E0065F2B5 /* Forecast+CoreDataProperties.swift */,
				2767E77822A0494E0065F2B5 /* Location+CoreDataClass.swift */,
				2767E77922A0494E0065F2B5 /* Location+CoreDataProperties.swift */,
			);
			path = Generated;
			sourceTree = "<group>";
		};
		2767E77022A0425E0065F2B5 /* Extension */ = {
			isa = PBXGroup;
			children = (
				2767E77122A0427B0065F2B5 /* Location+Extension.swift */,
				2767E77E22A04BA20065F2B5 /* Forecast+Extension.swift */,
			);
			path = Extension;
			sourceTree = "<group>";
		};
		2767E77322A043F40065F2B5 /* CoreDataManager */ = {
			isa = PBXGroup;
			children = (
				2767E77422A044060065F2B5 /* CoreDataManager.swift */,
			);
			path = CoreDataManager;
			sourceTree = "<group>";
		};
		2767E78022A061710065F2B5 /* ForecastDetails */ = {
			isa = PBXGroup;
			children = (
				2767E78222A065390065F2B5 /* Model */,
				2767E78122A0617F0065F2B5 /* Controller */,
				2767E78322A0655D0065F2B5 /* ForecastDetail.storyboard */,
			);
			path = ForecastDetails;
			sourceTree = "<group>";
		};
		2767E78122A0617F0065F2B5 /* Controller */ = {
			isa = PBXGroup;
			children = (
				2767E78522A065DB0065F2B5 /* ForecastDetailViewController.swift */,
			);
			path = Controller;
			sourceTree = "<group>";
		};
		2767E78222A065390065F2B5 /* Model */ = {
			isa = PBXGroup;
			children = (
				2767E78722A06CCD0065F2B5 /* ForecastDetailViewModel.swift */,
			);
			path = Model;
			sourceTree = "<group>";
		};
/* End PBXGroup section */

/* Begin PBXNativeTarget section */
		2767E6AE229FC9110065F2B5 /* Meteo */ = {
			isa = PBXNativeTarget;
			buildConfigurationList = 2767E6C1229FC9130065F2B5 /* Build configuration list for PBXNativeTarget "Meteo" */;
			buildPhases = (
				2767E6AB229FC9110065F2B5 /* Sources */,
				2767E6AC229FC9110065F2B5 /* Frameworks */,
				2767E6AD229FC9110065F2B5 /* Resources */,
			);
			buildRules = (
			);
			dependencies = (
			);
			name = Meteo;
			productName = Meteo;
			productReference = 2767E6AF229FC9110065F2B5 /* Meteo.app */;
			productType = "com.apple.product-type.application";
		};
		2767E6E9229FD2CC0065F2B5 /* MeteoTests */ = {
			isa = PBXNativeTarget;
			buildConfigurationList = 2767E6F1229FD2CD0065F2B5 /* Build configuration list for PBXNativeTarget "MeteoTests" */;
			buildPhases = (
				2767E6E6229FD2CC0065F2B5 /* Sources */,
				2767E6E7229FD2CC0065F2B5 /* Frameworks */,
				2767E6E8229FD2CC0065F2B5 /* Resources */,
			);
			buildRules = (
			);
			dependencies = (
				2767E6F0229FD2CD0065F2B5 /* PBXTargetDependency */,
			);
			name = MeteoTests;
			productName = MeteoTests;
			productReference = 2767E6EA229FD2CC0065F2B5 /* MeteoTests.xctest */;
			productType = "com.apple.product-type.bundle.unit-test";
		};
/* End PBXNativeTarget section */

/* Begin PBXProject section */
		2767E6A7229FC9110065F2B5 /* Project object */ = {
			isa = PBXProject;
			attributes = {
				LastSwiftUpdateCheck = 1020;
				LastUpgradeCheck = 1020;
				ORGANIZATIONNAME = "Kévin Mondésir";
				TargetAttributes = {
					2767E6AE229FC9110065F2B5 = {
						CreatedOnToolsVersion = 10.2.1;
					};
					2767E6E9229FD2CC0065F2B5 = {
						CreatedOnToolsVersion = 10.2.1;
						TestTargetID = 2767E6AE229FC9110065F2B5;
					};
				};
			};
			buildConfigurationList = 2767E6AA229FC9110065F2B5 /* Build configuration list for PBXProject "Meteo" */;
			compatibilityVersion = "Xcode 9.3";
			developmentRegion = en;
			hasScannedForEncodings = 0;
			knownRegions = (
				en,
				Base,
			);
			mainGroup = 2767E6A6229FC9110065F2B5;
			productRefGroup = 2767E6B0229FC9110065F2B5 /* Products */;
			projectDirPath = "";
			projectRoot = "";
			targets = (
				2767E6AE229FC9110065F2B5 /* Meteo */,
				2767E6E9229FD2CC0065F2B5 /* MeteoTests */,
			);
		};
/* End PBXProject section */

/* Begin PBXResourcesBuildPhase section */
		2767E6AD229FC9110065F2B5 /* Resources */ = {
			isa = PBXResourcesBuildPhase;
			buildActionMask = 2147483647;
			files = (
				2767E74822A018A80065F2B5 /* ForecastTableViewCell.xib in Resources */,
				2767E708229FE0AC0065F2B5 /* nebulosite.json in Resources */,
				2767E6BD229FC9130065F2B5 /* LaunchScreen.storyboard in Resources */,
				2767E71D229FE31C0065F2B5 /* ventMoyen.json in Resources */,
				2767E70E229FE12B0065F2B5 /* temperature.json in Resources */,
				2767E6CC229FCACA0065F2B5 /* Localizable.strings in Resources */,
				2767E78422A0655E0065F2B5 /* ForecastDetail.storyboard in Resources */,
				2767E6BA229FC9130065F2B5 /* Assets.xcassets in Resources */,
				2767E714229FE27E0065F2B5 /* humidite.json in Resources */,
				2767E6B8229FC9110065F2B5 /* Main.storyboard in Resources */,
				2767E71A229FE2ED0065F2B5 /* ventDirection.json in Resources */,
				2767E75622A026330065F2B5 /* ForecastList.storyboard in Resources */,
			);
			runOnlyForDeploymentPostprocessing = 0;
		};
		2767E6E8229FD2CC0065F2B5 /* Resources */ = {
			isa = PBXResourcesBuildPhase;
			buildActionMask = 2147483647;
			files = (
				2767E71E229FE31C0065F2B5 /* ventMoyen.json in Resources */,
				2767E715229FE27E0065F2B5 /* humidite.json in Resources */,
				2767E71B229FE2ED0065F2B5 /* ventDirection.json in Resources */,
				2767E6F6229FD30F0065F2B5 /* infoClimat.json in Resources */,
				2767E709229FE0AC0065F2B5 /* nebulosite.json in Resources */,
				2767E70F229FE12B0065F2B5 /* temperature.json in Resources */,
			);
			runOnlyForDeploymentPostprocessing = 0;
		};
/* End PBXResourcesBuildPhase section */

/* Begin PBXSourcesBuildPhase section */
		2767E6AB229FC9110065F2B5 /* Sources */ = {
			isa = PBXSourcesBuildPhase;
			buildActionMask = 2147483647;
			files = (
				2767E726229FE4D30065F2B5 /* HumidityDTO.swift in Sources */,
				2767E78822A06CCD0065F2B5 /* ForecastDetailViewModel.swift in Sources */,
				2767E73422A00C0E0065F2B5 /* EndPointProtocol.swift in Sources */,
				2767E6B5229FC9110065F2B5 /* ViewController.swift in Sources */,
				2714B4F622A086ED00BC04E9 /* String+Extensions.swift in Sources */,
				2767E73E22A0111E0065F2B5 /* GetMeteo.swift in Sources */,
				2767E723229FE49B0065F2B5 /* WindDirectionDTO.swift in Sources */,
				2767E6D0229FD04C0065F2B5 /* MeteoDTO.swift in Sources */,
				2767E74C22A01C3F0065F2B5 /* UIViewController+Extensions.swift in Sources */,
				2767E75A22A026670065F2B5 /* ForecastListViewController.swift in Sources */,
				2767E702229FD8220065F2B5 /* DateFormatter+Extensions.swift in Sources */,
				2767E74E22A01E410065F2B5 /* KVObserver.swift in Sources */,
				2767E6F9229FD61F0065F2B5 /* ForecastDTO.swift in Sources */,
				2767E75E22A02CDE0065F2B5 /* Model.xcdatamodeld in Sources */,
				2767E77522A044060065F2B5 /* CoreDataManager.swift in Sources */,
				2767E77F22A04BA20065F2B5 /* Forecast+Extension.swift in Sources */,
				2767E74A22A019CA0065F2B5 /* ForecastListViewModel.swift in Sources */,
				2767E77B22A0494E0065F2B5 /* Forecast+CoreDataProperties.swift in Sources */,
				2767E78622A065DB0065F2B5 /* ForecastDetailViewController.swift in Sources */,
				2767E72E229FF15C0065F2B5 /* CLPlacemark+Extensions.swift in Sources */,
				2714B4F822A087F900BC04E9 /* Date+Extensions.swift in Sources */,
				2767E77D22A0494E0065F2B5 /* Location+CoreDataProperties.swift in Sources */,
				2767E75422A026080065F2B5 /* StoryboardControllerProtocol.swift in Sources */,
				2767E70B229FE0FE0065F2B5 /* TemperatureDTO.swift in Sources */,
				2767E73922A00F760065F2B5 /* MeteoEndPoint.swift in Sources */,
				2767E705229FD9F70065F2B5 /* CloudinessDTO.swift in Sources */,
				2767E72A229FEE7C0065F2B5 /* LocationManager.swift in Sources */,
				2767E77222A0427B0065F2B5 /* Location+Extension.swift in Sources */,
				2767E720229FE48A0065F2B5 /* WindSpeedDTO.swift in Sources */,
				2767E73622A00D3A0065F2B5 /* DecodableRequestProtocol.swift in Sources */,
				2767E74322A018500065F2B5 /* TableViewCellProtocol.swift in Sources */,
				2767E74722A018A80065F2B5 /* ForecastTableViewCell.swift in Sources */,
				2767E77C22A0494E0065F2B5 /* Location+CoreDataClass.swift in Sources */,
				2767E6B3229FC9110065F2B5 /* AppDelegate.swift in Sources */,
				2767E6FD229FD6B20065F2B5 /* DecodingError.swift in Sources */,
				2767E73B22A010100065F2B5 /* MeteoConstants.swift in Sources */,
				2767E77A22A0494E0065F2B5 /* Forecast+CoreDataClass.swift in Sources */,
			);
			runOnlyForDeploymentPostprocessing = 0;
		};
		2767E6E6229FD2CC0065F2B5 /* Sources */ = {
			isa = PBXSourcesBuildPhase;
			buildActionMask = 2147483647;
			files = (
				2767E6FA229FD6220065F2B5 /* ForecastDTO.swift in Sources */,
				2767E6FE229FD7E80065F2B5 /* DecodingError.swift in Sources */,
				2767E727229FE4D30065F2B5 /* HumidityDTO.swift in Sources */,
				2767E6F7229FD3D40065F2B5 /* MeteoDTO.swift in Sources */,
				2767E70C229FE0FE0065F2B5 /* TemperatureDTO.swift in Sources */,
				2767E6ED229FD2CD0065F2B5 /* MeteoTests.swift in Sources */,
				2767E706229FD9F70065F2B5 /* CloudinessDTO.swift in Sources */,
				2767E703229FD8220065F2B5 /* DateFormatter+Extensions.swift in Sources */,
				2767E721229FE48A0065F2B5 /* WindSpeedDTO.swift in Sources */,
				2767E724229FE49B0065F2B5 /* WindDirectionDTO.swift in Sources */,
			);
			runOnlyForDeploymentPostprocessing = 0;
		};
/* End PBXSourcesBuildPhase section */

/* Begin PBXTargetDependency section */
		2767E6F0229FD2CD0065F2B5 /* PBXTargetDependency */ = {
			isa = PBXTargetDependency;
			target = 2767E6AE229FC9110065F2B5 /* Meteo */;
			targetProxy = 2767E6EF229FD2CD0065F2B5 /* PBXContainerItemProxy */;
		};
/* End PBXTargetDependency section */

/* Begin PBXVariantGroup section */
		2767E6B6229FC9110065F2B5 /* Main.storyboard */ = {
			isa = PBXVariantGroup;
			children = (
				2767E6B7229FC9110065F2B5 /* Base */,
			);
			name = Main.storyboard;
			sourceTree = "<group>";
		};
		2767E6BB229FC9130065F2B5 /* LaunchScreen.storyboard */ = {
			isa = PBXVariantGroup;
			children = (
				2767E6BC229FC9130065F2B5 /* Base */,
			);
			name = LaunchScreen.storyboard;
			sourceTree = "<group>";
		};
/* End PBXVariantGroup section */

/* Begin XCBuildConfiguration section */
		2767E6BF229FC9130065F2B5 /* Debug */ = {
			isa = XCBuildConfiguration;
			buildSettings = {
				ALWAYS_SEARCH_USER_PATHS = NO;
				CLANG_ANALYZER_NONNULL = YES;
				CLANG_ANALYZER_NUMBER_OBJECT_CONVERSION = YES_AGGRESSIVE;
				CLANG_CXX_LANGUAGE_STANDARD = "gnu++14";
				CLANG_CXX_LIBRARY = "libc++";
				CLANG_ENABLE_MODULES = YES;
				CLANG_ENABLE_OBJC_ARC = YES;
				CLANG_ENABLE_OBJC_WEAK = YES;
				CLANG_WARN_BLOCK_CAPTURE_AUTORELEASING = YES;
				CLANG_WARN_BOOL_CONVERSION = YES;
				CLANG_WARN_COMMA = YES;
				CLANG_WARN_CONSTANT_CONVERSION = YES;
				CLANG_WARN_DEPRECATED_OBJC_IMPLEMENTATIONS = YES;
				CLANG_WARN_DIRECT_OBJC_ISA_USAGE = YES_ERROR;
				CLANG_WARN_DOCUMENTATION_COMMENTS = YES;
				CLANG_WARN_EMPTY_BODY = YES;
				CLANG_WARN_ENUM_CONVERSION = YES;
				CLANG_WARN_INFINITE_RECURSION = YES;
				CLANG_WARN_INT_CONVERSION = YES;
				CLANG_WARN_NON_LITERAL_NULL_CONVERSION = YES;
				CLANG_WARN_OBJC_IMPLICIT_RETAIN_SELF = YES;
				CLANG_WARN_OBJC_LITERAL_CONVERSION = YES;
				CLANG_WARN_OBJC_ROOT_CLASS = YES_ERROR;
				CLANG_WARN_RANGE_LOOP_ANALYSIS = YES;
				CLANG_WARN_STRICT_PROTOTYPES = YES;
				CLANG_WARN_SUSPICIOUS_MOVE = YES;
				CLANG_WARN_UNGUARDED_AVAILABILITY = YES_AGGRESSIVE;
				CLANG_WARN_UNREACHABLE_CODE = YES;
				CLANG_WARN__DUPLICATE_METHOD_MATCH = YES;
				CODE_SIGN_IDENTITY = "iPhone Developer";
				COPY_PHASE_STRIP = NO;
				DEBUG_INFORMATION_FORMAT = dwarf;
				ENABLE_STRICT_OBJC_MSGSEND = YES;
				ENABLE_TESTABILITY = YES;
				GCC_C_LANGUAGE_STANDARD = gnu11;
				GCC_DYNAMIC_NO_PIC = NO;
				GCC_NO_COMMON_BLOCKS = YES;
				GCC_OPTIMIZATION_LEVEL = 0;
				GCC_PREPROCESSOR_DEFINITIONS = (
					"DEBUG=1",
					"$(inherited)",
				);
				GCC_WARN_64_TO_32_BIT_CONVERSION = YES;
				GCC_WARN_ABOUT_RETURN_TYPE = YES_ERROR;
				GCC_WARN_UNDECLARED_SELECTOR = YES;
				GCC_WARN_UNINITIALIZED_AUTOS = YES_AGGRESSIVE;
				GCC_WARN_UNUSED_FUNCTION = YES;
				GCC_WARN_UNUSED_VARIABLE = YES;
				IPHONEOS_DEPLOYMENT_TARGET = 12.2;
				MTL_ENABLE_DEBUG_INFO = INCLUDE_SOURCE;
				MTL_FAST_MATH = YES;
				ONLY_ACTIVE_ARCH = YES;
				SDKROOT = iphoneos;
				SWIFT_ACTIVE_COMPILATION_CONDITIONS = DEBUG;
				SWIFT_OPTIMIZATION_LEVEL = "-Onone";
			};
			name = Debug;
		};
		2767E6C0229FC9130065F2B5 /* Release */ = {
			isa = XCBuildConfiguration;
			buildSettings = {
				ALWAYS_SEARCH_USER_PATHS = NO;
				CLANG_ANALYZER_NONNULL = YES;
				CLANG_ANALYZER_NUMBER_OBJECT_CONVERSION = YES_AGGRESSIVE;
				CLANG_CXX_LANGUAGE_STANDARD = "gnu++14";
				CLANG_CXX_LIBRARY = "libc++";
				CLANG_ENABLE_MODULES = YES;
				CLANG_ENABLE_OBJC_ARC = YES;
				CLANG_ENABLE_OBJC_WEAK = YES;
				CLANG_WARN_BLOCK_CAPTURE_AUTORELEASING = YES;
				CLANG_WARN_BOOL_CONVERSION = YES;
				CLANG_WARN_COMMA = YES;
				CLANG_WARN_CONSTANT_CONVERSION = YES;
				CLANG_WARN_DEPRECATED_OBJC_IMPLEMENTATIONS = YES;
				CLANG_WARN_DIRECT_OBJC_ISA_USAGE = YES_ERROR;
				CLANG_WARN_DOCUMENTATION_COMMENTS = YES;
				CLANG_WARN_EMPTY_BODY = YES;
				CLANG_WARN_ENUM_CONVERSION = YES;
				CLANG_WARN_INFINITE_RECURSION = YES;
				CLANG_WARN_INT_CONVERSION = YES;
				CLANG_WARN_NON_LITERAL_NULL_CONVERSION = YES;
				CLANG_WARN_OBJC_IMPLICIT_RETAIN_SELF = YES;
				CLANG_WARN_OBJC_LITERAL_CONVERSION = YES;
				CLANG_WARN_OBJC_ROOT_CLASS = YES_ERROR;
				CLANG_WARN_RANGE_LOOP_ANALYSIS = YES;
				CLANG_WARN_STRICT_PROTOTYPES = YES;
				CLANG_WARN_SUSPICIOUS_MOVE = YES;
				CLANG_WARN_UNGUARDED_AVAILABILITY = YES_AGGRESSIVE;
				CLANG_WARN_UNREACHABLE_CODE = YES;
				CLANG_WARN__DUPLICATE_METHOD_MATCH = YES;
				CODE_SIGN_IDENTITY = "iPhone Developer";
				COPY_PHASE_STRIP = NO;
				DEBUG_INFORMATION_FORMAT = "dwarf-with-dsym";
				ENABLE_NS_ASSERTIONS = NO;
				ENABLE_STRICT_OBJC_MSGSEND = YES;
				GCC_C_LANGUAGE_STANDARD = gnu11;
				GCC_NO_COMMON_BLOCKS = YES;
				GCC_WARN_64_TO_32_BIT_CONVERSION = YES;
				GCC_WARN_ABOUT_RETURN_TYPE = YES_ERROR;
				GCC_WARN_UNDECLARED_SELECTOR = YES;
				GCC_WARN_UNINITIALIZED_AUTOS = YES_AGGRESSIVE;
				GCC_WARN_UNUSED_FUNCTION = YES;
				GCC_WARN_UNUSED_VARIABLE = YES;
				IPHONEOS_DEPLOYMENT_TARGET = 12.2;
				MTL_ENABLE_DEBUG_INFO = NO;
				MTL_FAST_MATH = YES;
				SDKROOT = iphoneos;
				SWIFT_COMPILATION_MODE = wholemodule;
				SWIFT_OPTIMIZATION_LEVEL = "-O";
				VALIDATE_PRODUCT = YES;
			};
			name = Release;
		};
		2767E6C2229FC9130065F2B5 /* Debug */ = {
			isa = XCBuildConfiguration;
			buildSettings = {
				ASSETCATALOG_COMPILER_APPICON_NAME = AppIcon;
				CODE_SIGN_STYLE = Automatic;
				DEVELOPMENT_TEAM = L9T2CVFS62;
				INFOPLIST_FILE = Meteo/Info.plist;
				LD_RUNPATH_SEARCH_PATHS = (
					"$(inherited)",
					"@executable_path/Frameworks",
				);
				PRODUCT_BUNDLE_IDENTIFIER = KMO.Meteo;
				PRODUCT_NAME = "$(TARGET_NAME)";
				SWIFT_VERSION = 5.0;
				TARGETED_DEVICE_FAMILY = "1,2";
			};
			name = Debug;
		};
		2767E6C3229FC9130065F2B5 /* Release */ = {
			isa = XCBuildConfiguration;
			buildSettings = {
				ASSETCATALOG_COMPILER_APPICON_NAME = AppIcon;
				CODE_SIGN_STYLE = Automatic;
				DEVELOPMENT_TEAM = L9T2CVFS62;
				INFOPLIST_FILE = Meteo/Info.plist;
				LD_RUNPATH_SEARCH_PATHS = (
					"$(inherited)",
					"@executable_path/Frameworks",
				);
				PRODUCT_BUNDLE_IDENTIFIER = KMO.Meteo;
				PRODUCT_NAME = "$(TARGET_NAME)";
				SWIFT_VERSION = 5.0;
				TARGETED_DEVICE_FAMILY = "1,2";
			};
			name = Release;
		};
		2767E6F2229FD2CD0065F2B5 /* Debug */ = {
			isa = XCBuildConfiguration;
			buildSettings = {
				BUNDLE_LOADER = "$(TEST_HOST)";
				CODE_SIGN_STYLE = Automatic;
				DEVELOPMENT_TEAM = L9T2CVFS62;
				INFOPLIST_FILE = MeteoTests/Info.plist;
				LD_RUNPATH_SEARCH_PATHS = (
					"$(inherited)",
					"@executable_path/Frameworks",
					"@loader_path/Frameworks",
				);
				PRODUCT_BUNDLE_IDENTIFIER = KMO.MeteoTests;
				PRODUCT_NAME = "$(TARGET_NAME)";
				SWIFT_VERSION = 5.0;
				TARGETED_DEVICE_FAMILY = "1,2";
				TEST_HOST = "$(BUILT_PRODUCTS_DIR)/Meteo.app/Meteo";
			};
			name = Debug;
		};
		2767E6F3229FD2CD0065F2B5 /* Release */ = {
			isa = XCBuildConfiguration;
			buildSettings = {
				BUNDLE_LOADER = "$(TEST_HOST)";
				CODE_SIGN_STYLE = Automatic;
				DEVELOPMENT_TEAM = L9T2CVFS62;
				INFOPLIST_FILE = MeteoTests/Info.plist;
				LD_RUNPATH_SEARCH_PATHS = (
					"$(inherited)",
					"@executable_path/Frameworks",
					"@loader_path/Frameworks",
				);
				PRODUCT_BUNDLE_IDENTIFIER = KMO.MeteoTests;
				PRODUCT_NAME = "$(TARGET_NAME)";
				SWIFT_VERSION = 5.0;
				TARGETED_DEVICE_FAMILY = "1,2";
				TEST_HOST = "$(BUILT_PRODUCTS_DIR)/Meteo.app/Meteo";
			};
			name = Release;
		};
/* End XCBuildConfiguration section */

/* Begin XCConfigurationList section */
		2767E6AA229FC9110065F2B5 /* Build configuration list for PBXProject "Meteo" */ = {
			isa = XCConfigurationList;
			buildConfigurations = (
				2767E6BF229FC9130065F2B5 /* Debug */,
				2767E6C0229FC9130065F2B5 /* Release */,
			);
			defaultConfigurationIsVisible = 0;
			defaultConfigurationName = Release;
		};
		2767E6C1229FC9130065F2B5 /* Build configuration list for PBXNativeTarget "Meteo" */ = {
			isa = XCConfigurationList;
			buildConfigurations = (
				2767E6C2229FC9130065F2B5 /* Debug */,
				2767E6C3229FC9130065F2B5 /* Release */,
			);
			defaultConfigurationIsVisible = 0;
			defaultConfigurationName = Release;
		};
		2767E6F1229FD2CD0065F2B5 /* Build configuration list for PBXNativeTarget "MeteoTests" */ = {
			isa = XCConfigurationList;
			buildConfigurations = (
				2767E6F2229FD2CD0065F2B5 /* Debug */,
				2767E6F3229FD2CD0065F2B5 /* Release */,
			);
			defaultConfigurationIsVisible = 0;
			defaultConfigurationName = Release;
		};
/* End XCConfigurationList section */

/* Begin XCVersionGroup section */
		2767E75C22A02CDE0065F2B5 /* Model.xcdatamodeld */ = {
			isa = XCVersionGroup;
			children = (
				2767E75D22A02CDE0065F2B5 /* Model.xcdatamodel */,
			);
			currentVersion = 2767E75D22A02CDE0065F2B5 /* Model.xcdatamodel */;
			path = Model.xcdatamodeld;
			sourceTree = "<group>";
			versionGroupType = wrapper.xcdatamodel;
		};
/* End XCVersionGroup section */
	};
	rootObject = 2767E6A7229FC9110065F2B5 /* Project object */;
}
